// !$*UTF8*$!
{
	archiveVersion = 1;
	classes = {
	};
	objectVersion = 51;
	objects = {

/* Begin PBXBuildFile section */
		DF0B163E267702BE00E399AF /* RxCocoaPlaygroundVC.swift in Sources */ = {isa = PBXBuildFile; fileRef = DF0B163D267702BE00E399AF /* RxCocoaPlaygroundVC.swift */; };
		DF0B16402677090500E399AF /* CustomView.xib in Resources */ = {isa = PBXBuildFile; fileRef = DF0B163F2677090500E399AF /* CustomView.xib */; };
		DF0B1642267709D100E399AF /* CustomView.swift in Sources */ = {isa = PBXBuildFile; fileRef = DF0B1641267709D100E399AF /* CustomView.swift */; };
		DF5D176B26935542005B1941 /* TableView+Cocoa.swift in Sources */ = {isa = PBXBuildFile; fileRef = DF5D176A26935542005B1941 /* TableView+Cocoa.swift */; };
		DF5D176D26936528005B1941 /* TableView+CocoaAdvance.swift in Sources */ = {isa = PBXBuildFile; fileRef = DF5D176C26936528005B1941 /* TableView+CocoaAdvance.swift */; };
		DF67DB2D26779F2200A0088D /* RxCocoaTraitDemoVC.swift in Sources */ = {isa = PBXBuildFile; fileRef = DF67DB2C26779F2200A0088D /* RxCocoaTraitDemoVC.swift */; };
		DF6F09252674B4FF00D4FDBD /* AppDelegate.swift in Sources */ = {isa = PBXBuildFile; fileRef = DF6F09242674B4FF00D4FDBD /* AppDelegate.swift */; };
		DF6F09272674B4FF00D4FDBD /* SceneDelegate.swift in Sources */ = {isa = PBXBuildFile; fileRef = DF6F09262674B4FF00D4FDBD /* SceneDelegate.swift */; };
		DF6F09292674B4FF00D4FDBD /* RegisterViewController.swift in Sources */ = {isa = PBXBuildFile; fileRef = DF6F09282674B4FF00D4FDBD /* RegisterViewController.swift */; };
		DF6F092C2674B4FF00D4FDBD /* Main.storyboard in Resources */ = {isa = PBXBuildFile; fileRef = DF6F092A2674B4FF00D4FDBD /* Main.storyboard */; };
		DF6F092E2674B50000D4FDBD /* Assets.xcassets in Resources */ = {isa = PBXBuildFile; fileRef = DF6F092D2674B50000D4FDBD /* Assets.xcassets */; };
		DF6F09312674B50000D4FDBD /* LaunchScreen.storyboard in Resources */ = {isa = PBXBuildFile; fileRef = DF6F092F2674B50000D4FDBD /* LaunchScreen.storyboard */; };
		DF9DA57526889A1900DA6DC0 /* ActivityTracker.swift in Sources */ = {isa = PBXBuildFile; fileRef = DF9DA57426889A1900DA6DC0 /* ActivityTracker.swift */; };
		DFA952232674B65600632AD6 /* Pods_RxSwiftPractice.framework in Frameworks */ = {isa = PBXBuildFile; fileRef = 77E46195243EB2E828F34AAF /* Pods_RxSwiftPractice.framework */; };
		DFA952242674B65600632AD6 /* Pods_RxSwiftPractice.framework in Embed Frameworks */ = {isa = PBXBuildFile; fileRef = 77E46195243EB2E828F34AAF /* Pods_RxSwiftPractice.framework */; settings = {ATTRIBUTES = (CodeSignOnCopy, RemoveHeadersOnCopy, ); }; };
		DFB5F83C2675FC3D00354082 /* ChangeAvatarViewController.swift in Sources */ = {isa = PBXBuildFile; fileRef = DFB5F83B2675FC3D00354082 /* ChangeAvatarViewController.swift */; };
		DFB5F83F2676170B00354082 /* DemoViewModel.swift in Sources */ = {isa = PBXBuildFile; fileRef = DFB5F83E2676170B00354082 /* DemoViewModel.swift */; };
		DFB5F84126762A1500354082 /* MusicListViewController.swift in Sources */ = {isa = PBXBuildFile; fileRef = DFB5F84026762A1500354082 /* MusicListViewController.swift */; };
/* End PBXBuildFile section */

/* Begin PBXCopyFilesBuildPhase section */
		DFA952252674B65600632AD6 /* Embed Frameworks */ = {
			isa = PBXCopyFilesBuildPhase;
			buildActionMask = 2147483647;
			dstPath = "";
			dstSubfolderSpec = 10;
			files = (
				DFA952242674B65600632AD6 /* Pods_RxSwiftPractice.framework in Embed Frameworks */,
			);
			name = "Embed Frameworks";
			runOnlyForDeploymentPostprocessing = 0;
		};
/* End PBXCopyFilesBuildPhase section */

/* Begin PBXFileReference section */
		33C56E8421F4117C36E0C57E /* Pods-RxSwiftPractice.release.xcconfig */ = {isa = PBXFileReference; includeInIndex = 1; lastKnownFileType = text.xcconfig; name = "Pods-RxSwiftPractice.release.xcconfig"; path = "Target Support Files/Pods-RxSwiftPractice/Pods-RxSwiftPractice.release.xcconfig"; sourceTree = "<group>"; };
		77E46195243EB2E828F34AAF /* Pods_RxSwiftPractice.framework */ = {isa = PBXFileReference; explicitFileType = wrapper.framework; includeInIndex = 0; path = Pods_RxSwiftPractice.framework; sourceTree = BUILT_PRODUCTS_DIR; };
		CF482E8ED2369B559ACE07F9 /* Pods-RxSwiftPractice.debug.xcconfig */ = {isa = PBXFileReference; includeInIndex = 1; lastKnownFileType = text.xcconfig; name = "Pods-RxSwiftPractice.debug.xcconfig"; path = "Target Support Files/Pods-RxSwiftPractice/Pods-RxSwiftPractice.debug.xcconfig"; sourceTree = "<group>"; };
		DF02F1262675A8A000ACC52A /* FilterOperations.playground */ = {isa = PBXFileReference; lastKnownFileType = file.playground; path = FilterOperations.playground; sourceTree = "<group>"; xcLanguageSpecificationIdentifier = xcode.lang.swift; };
		DF02F1272675B09200ACC52A /* CombiningOperators.playground */ = {isa = PBXFileReference; lastKnownFileType = file.playground; path = CombiningOperators.playground; sourceTree = "<group>"; xcLanguageSpecificationIdentifier = xcode.lang.swift; };
		DF02F1282675BCCD00ACC52A /* TransformOperators.playground */ = {isa = PBXFileReference; lastKnownFileType = file.playground; path = TransformOperators.playground; sourceTree = "<group>"; xcLanguageSpecificationIdentifier = xcode.lang.swift; };
		DF0B163D267702BE00E399AF /* RxCocoaPlaygroundVC.swift */ = {isa = PBXFileReference; lastKnownFileType = sourcecode.swift; path = RxCocoaPlaygroundVC.swift; sourceTree = "<group>"; };
		DF0B163F2677090500E399AF /* CustomView.xib */ = {isa = PBXFileReference; lastKnownFileType = file.xib; path = CustomView.xib; sourceTree = "<group>"; };
		DF0B1641267709D100E399AF /* CustomView.swift */ = {isa = PBXFileReference; lastKnownFileType = sourcecode.swift; path = CustomView.swift; sourceTree = "<group>"; };
		DF5D176826934F20005B1941 /* ConverterNote.playground */ = {isa = PBXFileReference; lastKnownFileType = file.playground; path = ConverterNote.playground; sourceTree = "<group>"; xcLanguageSpecificationIdentifier = xcode.lang.swift; };
		DF5D176A26935542005B1941 /* TableView+Cocoa.swift */ = {isa = PBXFileReference; lastKnownFileType = sourcecode.swift; path = "TableView+Cocoa.swift"; sourceTree = "<group>"; };
		DF5D176C26936528005B1941 /* TableView+CocoaAdvance.swift */ = {isa = PBXFileReference; lastKnownFileType = sourcecode.swift; path = "TableView+CocoaAdvance.swift"; sourceTree = "<group>"; };
		DF67DB2C26779F2200A0088D /* RxCocoaTraitDemoVC.swift */ = {isa = PBXFileReference; lastKnownFileType = sourcecode.swift; path = RxCocoaTraitDemoVC.swift; sourceTree = "<group>"; };
		DF6F09212674B4FF00D4FDBD /* RxSwiftPractice.app */ = {isa = PBXFileReference; explicitFileType = wrapper.application; includeInIndex = 0; path = RxSwiftPractice.app; sourceTree = BUILT_PRODUCTS_DIR; };
		DF6F09242674B4FF00D4FDBD /* AppDelegate.swift */ = {isa = PBXFileReference; lastKnownFileType = sourcecode.swift; path = AppDelegate.swift; sourceTree = "<group>"; };
		DF6F09262674B4FF00D4FDBD /* SceneDelegate.swift */ = {isa = PBXFileReference; lastKnownFileType = sourcecode.swift; path = SceneDelegate.swift; sourceTree = "<group>"; };
		DF6F09282674B4FF00D4FDBD /* RegisterViewController.swift */ = {isa = PBXFileReference; lastKnownFileType = sourcecode.swift; path = RegisterViewController.swift; sourceTree = "<group>"; };
		DF6F092B2674B4FF00D4FDBD /* Base */ = {isa = PBXFileReference; lastKnownFileType = file.storyboard; name = Base; path = Base.lproj/Main.storyboard; sourceTree = "<group>"; };
		DF6F092D2674B50000D4FDBD /* Assets.xcassets */ = {isa = PBXFileReference; lastKnownFileType = folder.assetcatalog; path = Assets.xcassets; sourceTree = "<group>"; };
		DF6F09302674B50000D4FDBD /* Base */ = {isa = PBXFileReference; lastKnownFileType = file.storyboard; name = Base; path = Base.lproj/LaunchScreen.storyboard; sourceTree = "<group>"; };
		DF6F09322674B50000D4FDBD /* Info.plist */ = {isa = PBXFileReference; lastKnownFileType = text.plist.xml; path = Info.plist; sourceTree = "<group>"; };
		DF7F6A4926974D6700E3DB7F /* Share.playground */ = {isa = PBXFileReference; lastKnownFileType = file.playground; path = Share.playground; sourceTree = "<group>"; xcLanguageSpecificationIdentifier = xcode.lang.swift; };
		DF9DA57426889A1900DA6DC0 /* ActivityTracker.swift */ = {isa = PBXFileReference; lastKnownFileType = sourcecode.swift; path = ActivityTracker.swift; sourceTree = "<group>"; };
		DFB5F83B2675FC3D00354082 /* ChangeAvatarViewController.swift */ = {isa = PBXFileReference; lastKnownFileType = sourcecode.swift; path = ChangeAvatarViewController.swift; sourceTree = "<group>"; };
		DFB5F83E2676170B00354082 /* DemoViewModel.swift */ = {isa = PBXFileReference; lastKnownFileType = sourcecode.swift; path = DemoViewModel.swift; sourceTree = "<group>"; };
		DFB5F84026762A1500354082 /* MusicListViewController.swift */ = {isa = PBXFileReference; lastKnownFileType = sourcecode.swift; path = MusicListViewController.swift; sourceTree = "<group>"; };
		DFC3C1EE2687251D006D2570 /* Schedulers.playground */ = {isa = PBXFileReference; lastKnownFileType = file.playground; path = Schedulers.playground; sourceTree = "<group>"; xcLanguageSpecificationIdentifier = xcode.lang.swift; };
		DFD260172674B8220083D1C6 /* HelloRx.playground */ = {isa = PBXFileReference; lastKnownFileType = file.playground; path = HelloRx.playground; sourceTree = "<group>"; xcLanguageSpecificationIdentifier = xcode.lang.swift; };
		DFD260182674C06D0083D1C6 /* HelloSubject.playground */ = {isa = PBXFileReference; lastKnownFileType = file.playground; path = HelloSubject.playground; sourceTree = "<group>"; xcLanguageSpecificationIdentifier = xcode.lang.swift; };
		DFD260192674C4990083D1C6 /* Traits.playground */ = {isa = PBXFileReference; lastKnownFileType = file.playground; path = Traits.playground; sourceTree = "<group>"; xcLanguageSpecificationIdentifier = xcode.lang.swift; };
		DFFF3544268A280A00975938 /* SideEffect.playground */ = {isa = PBXFileReference; lastKnownFileType = file.playground; path = SideEffect.playground; sourceTree = "<group>"; xcLanguageSpecificationIdentifier = xcode.lang.swift; };
/* End PBXFileReference section */

/* Begin PBXFrameworksBuildPhase section */
		DF6F091E2674B4FF00D4FDBD /* Frameworks */ = {
			isa = PBXFrameworksBuildPhase;
			buildActionMask = 2147483647;
			files = (
				DFA952232674B65600632AD6 /* Pods_RxSwiftPractice.framework in Frameworks */,
			);
			runOnlyForDeploymentPostprocessing = 0;
		};
/* End PBXFrameworksBuildPhase section */

/* Begin PBXGroup section */
		8889F65832BE9FD6B02509BC /* Frameworks */ = {
			isa = PBXGroup;
			children = (
				77E46195243EB2E828F34AAF /* Pods_RxSwiftPractice.framework */,
			);
			name = Frameworks;
			sourceTree = "<group>";
		};
		DF0B16362676F64B00E399AF /* RxCocoa */ = {
			isa = PBXGroup;
			children = (
				DF5D17692693552E005B1941 /* Table+Collection View */,
				DF67DB2A26779EDC00A0088D /* Binder */,
				DF67DB2B26779EE700A0088D /* Trait */,
			);
			path = RxCocoa;
			sourceTree = "<group>";
		};
		DF19662A2675F8A00096D108 /* Playground */ = {
			isa = PBXGroup;
			children = (
				DFD260172674B8220083D1C6 /* HelloRx.playground */,
				DFD260182674C06D0083D1C6 /* HelloSubject.playground */,
				DFD260192674C4990083D1C6 /* Traits.playground */,
				DF02F1262675A8A000ACC52A /* FilterOperations.playground */,
				DF02F1282675BCCD00ACC52A /* TransformOperators.playground */,
				DF02F1272675B09200ACC52A /* CombiningOperators.playground */,
				DFC3C1EE2687251D006D2570 /* Schedulers.playground */,
				DFFF3544268A280A00975938 /* SideEffect.playground */,
				DF5D176826934F20005B1941 /* ConverterNote.playground */,
				DF7F6A4926974D6700E3DB7F /* Share.playground */,
			);
			path = Playground;
			sourceTree = "<group>";
		};
		DF5D17692693552E005B1941 /* Table+Collection View */ = {
			isa = PBXGroup;
			children = (
				DF5D176A26935542005B1941 /* TableView+Cocoa.swift */,
				DF5D176C26936528005B1941 /* TableView+CocoaAdvance.swift */,
			);
			path = "Table+Collection View";
			sourceTree = "<group>";
		};
		DF67DB2A26779EDC00A0088D /* Binder */ = {
			isa = PBXGroup;
			children = (
				DF0B163D267702BE00E399AF /* RxCocoaPlaygroundVC.swift */,
				DF0B163F2677090500E399AF /* CustomView.xib */,
				DF0B1641267709D100E399AF /* CustomView.swift */,
			);
			path = Binder;
			sourceTree = "<group>";
		};
		DF67DB2B26779EE700A0088D /* Trait */ = {
			isa = PBXGroup;
			children = (
				DF67DB2C26779F2200A0088D /* RxCocoaTraitDemoVC.swift */,
			);
			path = Trait;
			sourceTree = "<group>";
		};
		DF6F09182674B4FF00D4FDBD = {
			isa = PBXGroup;
			children = (
				DF6F09232674B4FF00D4FDBD /* RxSwiftPractice */,
				DF6F09222674B4FF00D4FDBD /* Products */,
				F74D3AF847A42EC9C875AC9D /* Pods */,
				8889F65832BE9FD6B02509BC /* Frameworks */,
			);
			sourceTree = "<group>";
		};
		DF6F09222674B4FF00D4FDBD /* Products */ = {
			isa = PBXGroup;
			children = (
				DF6F09212674B4FF00D4FDBD /* RxSwiftPractice.app */,
			);
			name = Products;
			sourceTree = "<group>";
		};
		DF6F09232674B4FF00D4FDBD /* RxSwiftPractice */ = {
			isa = PBXGroup;
			children = (
				DF9DA57326889A0C00DA6DC0 /* Track */,
				DF0B16362676F64B00E399AF /* RxCocoa */,
				DFB5F83D2676161300354082 /* Networking */,
				DF19662A2675F8A00096D108 /* Playground */,
				DF6F09242674B4FF00D4FDBD /* AppDelegate.swift */,
				DF6F09262674B4FF00D4FDBD /* SceneDelegate.swift */,
				DF6F09282674B4FF00D4FDBD /* RegisterViewController.swift */,
				DFB5F83B2675FC3D00354082 /* ChangeAvatarViewController.swift */,
				DF6F092A2674B4FF00D4FDBD /* Main.storyboard */,
				DF6F092D2674B50000D4FDBD /* Assets.xcassets */,
				DF6F092F2674B50000D4FDBD /* LaunchScreen.storyboard */,
				DF6F09322674B50000D4FDBD /* Info.plist */,
			);
			path = RxSwiftPractice;
			sourceTree = "<group>";
		};
		DF9DA57326889A0C00DA6DC0 /* Track */ = {
			isa = PBXGroup;
			children = (
				DF9DA57426889A1900DA6DC0 /* ActivityTracker.swift */,
			);
			path = Track;
			sourceTree = "<group>";
		};
		DFB5F83D2676161300354082 /* Networking */ = {
			isa = PBXGroup;
			children = (
				DFB5F83E2676170B00354082 /* DemoViewModel.swift */,
				DFB5F84026762A1500354082 /* MusicListViewController.swift */,
			);
			path = Networking;
			sourceTree = "<group>";
		};
		F74D3AF847A42EC9C875AC9D /* Pods */ = {
			isa = PBXGroup;
			children = (
				CF482E8ED2369B559ACE07F9 /* Pods-RxSwiftPractice.debug.xcconfig */,
				33C56E8421F4117C36E0C57E /* Pods-RxSwiftPractice.release.xcconfig */,
			);
			path = Pods;
			sourceTree = "<group>";
		};
/* End PBXGroup section */

/* Begin PBXNativeTarget section */
		DF6F09202674B4FF00D4FDBD /* RxSwiftPractice */ = {
			isa = PBXNativeTarget;
			buildConfigurationList = DF6F09352674B50000D4FDBD /* Build configuration list for PBXNativeTarget "RxSwiftPractice" */;
			buildPhases = (
				C5A58D5D698C19232797ABC1 /* [CP] Check Pods Manifest.lock */,
				DF6F091D2674B4FF00D4FDBD /* Sources */,
				DF6F091E2674B4FF00D4FDBD /* Frameworks */,
				DF6F091F2674B4FF00D4FDBD /* Resources */,
				4882B210389189BFEB09B486 /* [CP] Embed Pods Frameworks */,
				DFA952252674B65600632AD6 /* Embed Frameworks */,
			);
			buildRules = (
			);
			dependencies = (
			);
			name = RxSwiftPractice;
			productName = RxSwiftPractice;
			productReference = DF6F09212674B4FF00D4FDBD /* RxSwiftPractice.app */;
			productType = "com.apple.product-type.application";
		};
/* End PBXNativeTarget section */

/* Begin PBXProject section */
		DF6F09192674B4FF00D4FDBD /* Project object */ = {
			isa = PBXProject;
			attributes = {
				LastSwiftUpdateCheck = 1250;
				LastUpgradeCheck = 1250;
				TargetAttributes = {
					DF6F09202674B4FF00D4FDBD = {
						CreatedOnToolsVersion = 12.5;
					};
				};
			};
			buildConfigurationList = DF6F091C2674B4FF00D4FDBD /* Build configuration list for PBXProject "RxSwiftPractice" */;
			compatibilityVersion = "Xcode 9.3";
			developmentRegion = en;
			hasScannedForEncodings = 0;
			knownRegions = (
				en,
				Base,
			);
			mainGroup = DF6F09182674B4FF00D4FDBD;
			productRefGroup = DF6F09222674B4FF00D4FDBD /* Products */;
			projectDirPath = "";
			projectRoot = "";
			targets = (
				DF6F09202674B4FF00D4FDBD /* RxSwiftPractice */,
			);
		};
/* End PBXProject section */

/* Begin PBXResourcesBuildPhase section */
		DF6F091F2674B4FF00D4FDBD /* Resources */ = {
			isa = PBXResourcesBuildPhase;
			buildActionMask = 2147483647;
			files = (
				DF6F09312674B50000D4FDBD /* LaunchScreen.storyboard in Resources */,
				DF0B16402677090500E399AF /* CustomView.xib in Resources */,
				DF6F092E2674B50000D4FDBD /* Assets.xcassets in Resources */,
				DF6F092C2674B4FF00D4FDBD /* Main.storyboard in Resources */,
			);
			runOnlyForDeploymentPostprocessing = 0;
		};
/* End PBXResourcesBuildPhase section */

/* Begin PBXShellScriptBuildPhase section */
		4882B210389189BFEB09B486 /* [CP] Embed Pods Frameworks */ = {
			isa = PBXShellScriptBuildPhase;
			buildActionMask = 2147483647;
			files = (
			);
			inputFileListPaths = (
				"${PODS_ROOT}/Target Support Files/Pods-RxSwiftPractice/Pods-RxSwiftPractice-frameworks-${CONFIGURATION}-input-files.xcfilelist",
			);
			name = "[CP] Embed Pods Frameworks";
			outputFileListPaths = (
				"${PODS_ROOT}/Target Support Files/Pods-RxSwiftPractice/Pods-RxSwiftPractice-frameworks-${CONFIGURATION}-output-files.xcfilelist",
			);
			runOnlyForDeploymentPostprocessing = 0;
			shellPath = /bin/sh;
			shellScript = "\"${PODS_ROOT}/Target Support Files/Pods-RxSwiftPractice/Pods-RxSwiftPractice-frameworks.sh\"\n";
			showEnvVarsInLog = 0;
		};
		C5A58D5D698C19232797ABC1 /* [CP] Check Pods Manifest.lock */ = {
			isa = PBXShellScriptBuildPhase;
			buildActionMask = 2147483647;
			files = (
			);
			inputFileListPaths = (
			);
			inputPaths = (
				"${PODS_PODFILE_DIR_PATH}/Podfile.lock",
				"${PODS_ROOT}/Manifest.lock",
			);
			name = "[CP] Check Pods Manifest.lock";
			outputFileListPaths = (
			);
			outputPaths = (
				"$(DERIVED_FILE_DIR)/Pods-RxSwiftPractice-checkManifestLockResult.txt",
			);
			runOnlyForDeploymentPostprocessing = 0;
			shellPath = /bin/sh;
			shellScript = "diff \"${PODS_PODFILE_DIR_PATH}/Podfile.lock\" \"${PODS_ROOT}/Manifest.lock\" > /dev/null\nif [ $? != 0 ] ; then\n    # print error to STDERR\n    echo \"error: The sandbox is not in sync with the Podfile.lock. Run 'pod install' or update your CocoaPods installation.\" >&2\n    exit 1\nfi\n# This output is used by Xcode 'outputs' to avoid re-running this script phase.\necho \"SUCCESS\" > \"${SCRIPT_OUTPUT_FILE_0}\"\n";
			showEnvVarsInLog = 0;
		};
/* End PBXShellScriptBuildPhase section */

/* Begin PBXSourcesBuildPhase section */
		DF6F091D2674B4FF00D4FDBD /* Sources */ = {
			isa = PBXSourcesBuildPhase;
			buildActionMask = 2147483647;
			files = (
				DF5D176D26936528005B1941 /* TableView+CocoaAdvance.swift in Sources */,
				DF67DB2D26779F2200A0088D /* RxCocoaTraitDemoVC.swift in Sources */,
				DF6F09292674B4FF00D4FDBD /* RegisterViewController.swift in Sources */,
				DF6F09252674B4FF00D4FDBD /* AppDelegate.swift in Sources */,
				DFB5F84126762A1500354082 /* MusicListViewController.swift in Sources */,
				DFB5F83C2675FC3D00354082 /* ChangeAvatarViewController.swift in Sources */,
				DFB5F83F2676170B00354082 /* DemoViewModel.swift in Sources */,
				DF0B1642267709D100E399AF /* CustomView.swift in Sources */,
				DF5D176B26935542005B1941 /* TableView+Cocoa.swift in Sources */,
				DF9DA57526889A1900DA6DC0 /* ActivityTracker.swift in Sources */,
				DF0B163E267702BE00E399AF /* RxCocoaPlaygroundVC.swift in Sources */,
				DF6F09272674B4FF00D4FDBD /* SceneDelegate.swift in Sources */,
			);
			runOnlyForDeploymentPostprocessing = 0;
		};
/* End PBXSourcesBuildPhase section */

/* Begin PBXVariantGroup section */
		DF6F092A2674B4FF00D4FDBD /* Main.storyboard */ = {
			isa = PBXVariantGroup;
			children = (
				DF6F092B2674B4FF00D4FDBD /* Base */,
			);
			name = Main.storyboard;
			sourceTree = "<group>";
		};
		DF6F092F2674B50000D4FDBD /* LaunchScreen.storyboard */ = {
			isa = PBXVariantGroup;
			children = (
				DF6F09302674B50000D4FDBD /* Base */,
			);
			name = LaunchScreen.storyboard;
			sourceTree = "<group>";
		};
/* End PBXVariantGroup section */

/* Begin XCBuildConfiguration section */
		DF6F09332674B50000D4FDBD /* Debug */ = {
			isa = XCBuildConfiguration;
			buildSettings = {
				ALWAYS_SEARCH_USER_PATHS = NO;
				CLANG_ANALYZER_NONNULL = YES;
				CLANG_ANALYZER_NUMBER_OBJECT_CONVERSION = YES_AGGRESSIVE;
				CLANG_CXX_LANGUAGE_STANDARD = "gnu++14";
				CLANG_CXX_LIBRARY = "libc++";
				CLANG_ENABLE_MODULES = YES;
				CLANG_ENABLE_OBJC_ARC = YES;
				CLANG_ENABLE_OBJC_WEAK = YES;
				CLANG_WARN_BLOCK_CAPTURE_AUTORELEASING = YES;
				CLANG_WARN_BOOL_CONVERSION = YES;
				CLANG_WARN_COMMA = YES;
				CLANG_WARN_CONSTANT_CONVERSION = YES;
				CLANG_WARN_DEPRECATED_OBJC_IMPLEMENTATIONS = YES;
				CLANG_WARN_DIRECT_OBJC_ISA_USAGE = YES_ERROR;
				CLANG_WARN_DOCUMENTATION_COMMENTS = YES;
				CLANG_WARN_EMPTY_BODY = YES;
				CLANG_WARN_ENUM_CONVERSION = YES;
				CLANG_WARN_INFINITE_RECURSION = YES;
				CLANG_WARN_INT_CONVERSION = YES;
				CLANG_WARN_NON_LITERAL_NULL_CONVERSION = YES;
				CLANG_WARN_OBJC_IMPLICIT_RETAIN_SELF = YES;
				CLANG_WARN_OBJC_LITERAL_CONVERSION = YES;
				CLANG_WARN_OBJC_ROOT_CLASS = YES_ERROR;
				CLANG_WARN_QUOTED_INCLUDE_IN_FRAMEWORK_HEADER = YES;
				CLANG_WARN_RANGE_LOOP_ANALYSIS = YES;
				CLANG_WARN_STRICT_PROTOTYPES = YES;
				CLANG_WARN_SUSPICIOUS_MOVE = YES;
				CLANG_WARN_UNGUARDED_AVAILABILITY = YES_AGGRESSIVE;
				CLANG_WARN_UNREACHABLE_CODE = YES;
				CLANG_WARN__DUPLICATE_METHOD_MATCH = YES;
				COPY_PHASE_STRIP = NO;
				DEBUG_INFORMATION_FORMAT = dwarf;
				ENABLE_STRICT_OBJC_MSGSEND = YES;
				ENABLE_TESTABILITY = YES;
				GCC_C_LANGUAGE_STANDARD = gnu11;
				GCC_DYNAMIC_NO_PIC = NO;
				GCC_NO_COMMON_BLOCKS = YES;
				GCC_OPTIMIZATION_LEVEL = 0;
				GCC_PREPROCESSOR_DEFINITIONS = (
					"DEBUG=1",
					"$(inherited)",
				);
				GCC_WARN_64_TO_32_BIT_CONVERSION = YES;
				GCC_WARN_ABOUT_RETURN_TYPE = YES_ERROR;
				GCC_WARN_UNDECLARED_SELECTOR = YES;
				GCC_WARN_UNINITIALIZED_AUTOS = YES_AGGRESSIVE;
				GCC_WARN_UNUSED_FUNCTION = YES;
				GCC_WARN_UNUSED_VARIABLE = YES;
				IPHONEOS_DEPLOYMENT_TARGET = 14.5;
				MTL_ENABLE_DEBUG_INFO = INCLUDE_SOURCE;
				MTL_FAST_MATH = YES;
				ONLY_ACTIVE_ARCH = YES;
				SDKROOT = iphoneos;
				SWIFT_ACTIVE_COMPILATION_CONDITIONS = DEBUG;
				SWIFT_OPTIMIZATION_LEVEL = "-Onone";
			};
			name = Debug;
		};
		DF6F09342674B50000D4FDBD /* Release */ = {
			isa = XCBuildConfiguration;
			buildSettings = {
				ALWAYS_SEARCH_USER_PATHS = NO;
				CLANG_ANALYZER_NONNULL = YES;
				CLANG_ANALYZER_NUMBER_OBJECT_CONVERSION = YES_AGGRESSIVE;
				CLANG_CXX_LANGUAGE_STANDARD = "gnu++14";
				CLANG_CXX_LIBRARY = "libc++";
				CLANG_ENABLE_MODULES = YES;
				CLANG_ENABLE_OBJC_ARC = YES;
				CLANG_ENABLE_OBJC_WEAK = YES;
				CLANG_WARN_BLOCK_CAPTURE_AUTORELEASING = YES;
				CLANG_WARN_BOOL_CONVERSION = YES;
				CLANG_WARN_COMMA = YES;
				CLANG_WARN_CONSTANT_CONVERSION = YES;
				CLANG_WARN_DEPRECATED_OBJC_IMPLEMENTATIONS = YES;
				CLANG_WARN_DIRECT_OBJC_ISA_USAGE = YES_ERROR;
				CLANG_WARN_DOCUMENTATION_COMMENTS = YES;
				CLANG_WARN_EMPTY_BODY = YES;
				CLANG_WARN_ENUM_CONVERSION = YES;
				CLANG_WARN_INFINITE_RECURSION = YES;
				CLANG_WARN_INT_CONVERSION = YES;
				CLANG_WARN_NON_LITERAL_NULL_CONVERSION = YES;
				CLANG_WARN_OBJC_IMPLICIT_RETAIN_SELF = YES;
				CLANG_WARN_OBJC_LITERAL_CONVERSION = YES;
				CLANG_WARN_OBJC_ROOT_CLASS = YES_ERROR;
				CLANG_WARN_QUOTED_INCLUDE_IN_FRAMEWORK_HEADER = YES;
				CLANG_WARN_RANGE_LOOP_ANALYSIS = YES;
				CLANG_WARN_STRICT_PROTOTYPES = YES;
				CLANG_WARN_SUSPICIOUS_MOVE = YES;
				CLANG_WARN_UNGUARDED_AVAILABILITY = YES_AGGRESSIVE;
				CLANG_WARN_UNREACHABLE_CODE = YES;
				CLANG_WARN__DUPLICATE_METHOD_MATCH = YES;
				COPY_PHASE_STRIP = NO;
				DEBUG_INFORMATION_FORMAT = "dwarf-with-dsym";
				ENABLE_NS_ASSERTIONS = NO;
				ENABLE_STRICT_OBJC_MSGSEND = YES;
				GCC_C_LANGUAGE_STANDARD = gnu11;
				GCC_NO_COMMON_BLOCKS = YES;
				GCC_WARN_64_TO_32_BIT_CONVERSION = YES;
				GCC_WARN_ABOUT_RETURN_TYPE = YES_ERROR;
				GCC_WARN_UNDECLARED_SELECTOR = YES;
				GCC_WARN_UNINITIALIZED_AUTOS = YES_AGGRESSIVE;
				GCC_WARN_UNUSED_FUNCTION = YES;
				GCC_WARN_UNUSED_VARIABLE = YES;
				IPHONEOS_DEPLOYMENT_TARGET = 14.5;
				MTL_ENABLE_DEBUG_INFO = NO;
				MTL_FAST_MATH = YES;
				SDKROOT = iphoneos;
				SWIFT_COMPILATION_MODE = wholemodule;
				SWIFT_OPTIMIZATION_LEVEL = "-O";
				VALIDATE_PRODUCT = YES;
			};
			name = Release;
		};
		DF6F09362674B50000D4FDBD /* Debug */ = {
			isa = XCBuildConfiguration;
			baseConfigurationReference = CF482E8ED2369B559ACE07F9 /* Pods-RxSwiftPractice.debug.xcconfig */;
			buildSettings = {
				ASSETCATALOG_COMPILER_APPICON_NAME = AppIcon;
				ASSETCATALOG_COMPILER_GLOBAL_ACCENT_COLOR_NAME = AccentColor;
				CODE_SIGN_STYLE = Automatic;
				DEVELOPMENT_TEAM = RCQA85T6C2;
				INFOPLIST_FILE = RxSwiftPractice/Info.plist;
				LD_RUNPATH_SEARCH_PATHS = (
					"$(inherited)",
					"@executable_path/Frameworks",
				);
				PRODUCT_BUNDLE_IDENTIFIER = com.hoangatuan.RxSwiftPractice;
				PRODUCT_NAME = "$(TARGET_NAME)";
				SWIFT_VERSION = 5.0;
				TARGETED_DEVICE_FAMILY = "1,2";
			};
			name = Debug;
		};
		DF6F09372674B50000D4FDBD /* Release */ = {
			isa = XCBuildConfiguration;
			baseConfigurationReference = 33C56E8421F4117C36E0C57E /* Pods-RxSwiftPractice.release.xcconfig */;
			buildSettings = {
				ASSETCATALOG_COMPILER_APPICON_NAME = AppIcon;
				ASSETCATALOG_COMPILER_GLOBAL_ACCENT_COLOR_NAME = AccentColor;
				CODE_SIGN_STYLE = Automatic;
				DEVELOPMENT_TEAM = RCQA85T6C2;
				INFOPLIST_FILE = RxSwiftPractice/Info.plist;
				LD_RUNPATH_SEARCH_PATHS = (
					"$(inherited)",
					"@executable_path/Frameworks",
				);
				PRODUCT_BUNDLE_IDENTIFIER = com.hoangatuan.RxSwiftPractice;
				PRODUCT_NAME = "$(TARGET_NAME)";
				SWIFT_VERSION = 5.0;
				TARGETED_DEVICE_FAMILY = "1,2";
			};
			name = Release;
		};
/* End XCBuildConfiguration section */

/* Begin XCConfigurationList section */
		DF6F091C2674B4FF00D4FDBD /* Build configuration list for PBXProject "RxSwiftPractice" */ = {
			isa = XCConfigurationList;
			buildConfigurations = (
				DF6F09332674B50000D4FDBD /* Debug */,
				DF6F09342674B50000D4FDBD /* Release */,
			);
			defaultConfigurationIsVisible = 0;
			defaultConfigurationName = Release;
		};
		DF6F09352674B50000D4FDBD /* Build configuration list for PBXNativeTarget "RxSwiftPractice" */ = {
			isa = XCConfigurationList;
			buildConfigurations = (
				DF6F09362674B50000D4FDBD /* Debug */,
				DF6F09372674B50000D4FDBD /* Release */,
			);
			defaultConfigurationIsVisible = 0;
			defaultConfigurationName = Release;
		};
/* End XCConfigurationList section */
	};
	rootObject = DF6F09192674B4FF00D4FDBD /* Project object */;
}
